// !$*UTF8*$!
{
	archiveVersion = 1;
	classes = {
	};
	objectVersion = 55;
	objects = {

/* Begin PBXBuildFile section */
		DB88F77127E33BB0009291E0 /* AppDelegate.swift in Sources */ = {isa = PBXBuildFile; fileRef = DB88F77027E33BB0009291E0 /* AppDelegate.swift */; };
		DB88F77A27E33BB1009291E0 /* Assets.xcassets in Resources */ = {isa = PBXBuildFile; fileRef = DB88F77927E33BB1009291E0 /* Assets.xcassets */; };
		DB88F77D27E33BB1009291E0 /* LaunchScreen.storyboard in Resources */ = {isa = PBXBuildFile; fileRef = DB88F77B27E33BB1009291E0 /* LaunchScreen.storyboard */; };
		DB88F78627E33D1A009291E0 /* MainVC.swift in Sources */ = {isa = PBXBuildFile; fileRef = DB88F78427E33D1A009291E0 /* MainVC.swift */; };
		DB88F78727E33D1A009291E0 /* MainVC.xib in Resources */ = {isa = PBXBuildFile; fileRef = DB88F78527E33D1A009291E0 /* MainVC.xib */; };
		DB88F78A27E3462B009291E0 /* MainTVC.swift in Sources */ = {isa = PBXBuildFile; fileRef = DB88F78827E3462B009291E0 /* MainTVC.swift */; };
		DB88F78B27E3462B009291E0 /* MainTVC.xib in Resources */ = {isa = PBXBuildFile; fileRef = DB88F78927E3462B009291E0 /* MainTVC.xib */; };
		DB88F78E27E346CA009291E0 /* FirstVC.swift in Sources */ = {isa = PBXBuildFile; fileRef = DB88F78C27E346CA009291E0 /* FirstVC.swift */; };
		DB88F78F27E346CA009291E0 /* FirstVC.xib in Resources */ = {isa = PBXBuildFile; fileRef = DB88F78D27E346CA009291E0 /* FirstVC.xib */; };
		DB88F79227E350A9009291E0 /* PriorityVC.swift in Sources */ = {isa = PBXBuildFile; fileRef = DB88F79027E350A8009291E0 /* PriorityVC.swift */; };
		DB88F79327E350A9009291E0 /* PriorityVC.xib in Resources */ = {isa = PBXBuildFile; fileRef = DB88F79127E350A8009291E0 /* PriorityVC.xib */; };
		DB88F79527E359D8009291E0 /* SubTask.swift in Sources */ = {isa = PBXBuildFile; fileRef = DB88F79427E359D8009291E0 /* SubTask.swift */; };
		DB88F79727E35A01009291E0 /* TaskPriority.swift in Sources */ = {isa = PBXBuildFile; fileRef = DB88F79627E35A01009291E0 /* TaskPriority.swift */; };
		DB88F79927E3643A009291E0 /* Task.swift in Sources */ = {isa = PBXBuildFile; fileRef = DB88F79827E3643A009291E0 /* Task.swift */; };
/* End PBXBuildFile section */

/* Begin PBXFileReference section */
		DB88F76D27E33BB0009291E0 /* My To Do List.app */ = {isa = PBXFileReference; explicitFileType = wrapper.application; includeInIndex = 0; path = "My To Do List.app"; sourceTree = BUILT_PRODUCTS_DIR; };
		DB88F77027E33BB0009291E0 /* AppDelegate.swift */ = {isa = PBXFileReference; lastKnownFileType = sourcecode.swift; path = AppDelegate.swift; sourceTree = "<group>"; };
		DB88F77927E33BB1009291E0 /* Assets.xcassets */ = {isa = PBXFileReference; lastKnownFileType = folder.assetcatalog; path = Assets.xcassets; sourceTree = "<group>"; };
		DB88F77C27E33BB1009291E0 /* Base */ = {isa = PBXFileReference; lastKnownFileType = file.storyboard; name = Base; path = Base.lproj/LaunchScreen.storyboard; sourceTree = "<group>"; };
		DB88F77E27E33BB1009291E0 /* Info.plist */ = {isa = PBXFileReference; lastKnownFileType = text.plist.xml; path = Info.plist; sourceTree = "<group>"; };
		DB88F78427E33D1A009291E0 /* MainVC.swift */ = {isa = PBXFileReference; lastKnownFileType = sourcecode.swift; path = MainVC.swift; sourceTree = "<group>"; };
		DB88F78527E33D1A009291E0 /* MainVC.xib */ = {isa = PBXFileReference; lastKnownFileType = file.xib; path = MainVC.xib; sourceTree = "<group>"; };
		DB88F78827E3462B009291E0 /* MainTVC.swift */ = {isa = PBXFileReference; lastKnownFileType = sourcecode.swift; path = MainTVC.swift; sourceTree = "<group>"; };
		DB88F78927E3462B009291E0 /* MainTVC.xib */ = {isa = PBXFileReference; lastKnownFileType = file.xib; path = MainTVC.xib; sourceTree = "<group>"; };
		DB88F78C27E346CA009291E0 /* FirstVC.swift */ = {isa = PBXFileReference; lastKnownFileType = sourcecode.swift; path = FirstVC.swift; sourceTree = "<group>"; };
		DB88F78D27E346CA009291E0 /* FirstVC.xib */ = {isa = PBXFileReference; lastKnownFileType = file.xib; path = FirstVC.xib; sourceTree = "<group>"; };
		DB88F79027E350A8009291E0 /* PriorityVC.swift */ = {isa = PBXFileReference; lastKnownFileType = sourcecode.swift; path = PriorityVC.swift; sourceTree = "<group>"; };
		DB88F79127E350A8009291E0 /* PriorityVC.xib */ = {isa = PBXFileReference; lastKnownFileType = file.xib; path = PriorityVC.xib; sourceTree = "<group>"; };
		DB88F79427E359D8009291E0 /* SubTask.swift */ = {isa = PBXFileReference; lastKnownFileType = sourcecode.swift; path = SubTask.swift; sourceTree = "<group>"; };
		DB88F79627E35A01009291E0 /* TaskPriority.swift */ = {isa = PBXFileReference; lastKnownFileType = sourcecode.swift; path = TaskPriority.swift; sourceTree = "<group>"; };
		DB88F79827E3643A009291E0 /* Task.swift */ = {isa = PBXFileReference; lastKnownFileType = sourcecode.swift; path = Task.swift; sourceTree = "<group>"; };
/* End PBXFileReference section */

/* Begin PBXFrameworksBuildPhase section */
		DB88F76A27E33BB0009291E0 /* Frameworks */ = {
			isa = PBXFrameworksBuildPhase;
			buildActionMask = 2147483647;
			files = (
			);
			runOnlyForDeploymentPostprocessing = 0;
		};
/* End PBXFrameworksBuildPhase section */

/* Begin PBXGroup section */
		DB88F76427E33BB0009291E0 = {
			isa = PBXGroup;
			children = (
				DB88F76F27E33BB0009291E0 /* My To Do List */,
				DB88F76E27E33BB0009291E0 /* Products */,
			);
			sourceTree = "<group>";
		};
		DB88F76E27E33BB0009291E0 /* Products */ = {
			isa = PBXGroup;
			children = (
				DB88F76D27E33BB0009291E0 /* My To Do List.app */,
			);
			name = Products;
			sourceTree = "<group>";
		};
		DB88F76F27E33BB0009291E0 /* My To Do List */ = {
			isa = PBXGroup;
			children = (
				DB88F77027E33BB0009291E0 /* AppDelegate.swift */,
				DB88F78427E33D1A009291E0 /* MainVC.swift */,
				DB88F78527E33D1A009291E0 /* MainVC.xib */,
				DB88F78C27E346CA009291E0 /* FirstVC.swift */,
				DB88F78D27E346CA009291E0 /* FirstVC.xib */,
				DB88F79027E350A8009291E0 /* PriorityVC.swift */,
				DB88F79127E350A8009291E0 /* PriorityVC.xib */,
				DB88F78827E3462B009291E0 /* MainTVC.swift */,
				DB88F78927E3462B009291E0 /* MainTVC.xib */,
				DB88F77927E33BB1009291E0 /* Assets.xcassets */,
				DB88F77B27E33BB1009291E0 /* LaunchScreen.storyboard */,
				DB88F77E27E33BB1009291E0 /* Info.plist */,
				DB88F79827E3643A009291E0 /* Task.swift */,
				DB88F79427E359D8009291E0 /* SubTask.swift */,
				DB88F79627E35A01009291E0 /* TaskPriority.swift */,
			);
			path = "My To Do List";
			sourceTree = "<group>";
		};
/* End PBXGroup section */

/* Begin PBXNativeTarget section */
		DB88F76C27E33BB0009291E0 /* My To Do List */ = {
			isa = PBXNativeTarget;
			buildConfigurationList = DB88F78127E33BB1009291E0 /* Build configuration list for PBXNativeTarget "My To Do List" */;
			buildPhases = (
				DB88F76927E33BB0009291E0 /* Sources */,
				DB88F76A27E33BB0009291E0 /* Frameworks */,
				DB88F76B27E33BB0009291E0 /* Resources */,
			);
			buildRules = (
			);
			dependencies = (
			);
			name = "My To Do List";
			productName = "My To Do List";
			productReference = DB88F76D27E33BB0009291E0 /* My To Do List.app */;
			productType = "com.apple.product-type.application";
		};
/* End PBXNativeTarget section */

/* Begin PBXProject section */
		DB88F76527E33BB0009291E0 /* Project object */ = {
			isa = PBXProject;
			attributes = {
				BuildIndependentTargetsInParallel = 1;
				LastSwiftUpdateCheck = 1320;
				LastUpgradeCheck = 1320;
				TargetAttributes = {
					DB88F76C27E33BB0009291E0 = {
						CreatedOnToolsVersion = 13.2.1;
					};
				};
			};
			buildConfigurationList = DB88F76827E33BB0009291E0 /* Build configuration list for PBXProject "My To Do List" */;
			compatibilityVersion = "Xcode 13.0";
			developmentRegion = en;
			hasScannedForEncodings = 0;
			knownRegions = (
				en,
				Base,
			);
			mainGroup = DB88F76427E33BB0009291E0;
			productRefGroup = DB88F76E27E33BB0009291E0 /* Products */;
			projectDirPath = "";
			projectRoot = "";
			targets = (
				DB88F76C27E33BB0009291E0 /* My To Do List */,
			);
		};
/* End PBXProject section */

/* Begin PBXResourcesBuildPhase section */
		DB88F76B27E33BB0009291E0 /* Resources */ = {
			isa = PBXResourcesBuildPhase;
			buildActionMask = 2147483647;
			files = (
				DB88F78727E33D1A009291E0 /* MainVC.xib in Resources */,
				DB88F77D27E33BB1009291E0 /* LaunchScreen.storyboard in Resources */,
				DB88F79327E350A9009291E0 /* PriorityVC.xib in Resources */,
				DB88F78B27E3462B009291E0 /* MainTVC.xib in Resources */,
				DB88F77A27E33BB1009291E0 /* Assets.xcassets in Resources */,
				DB88F78F27E346CA009291E0 /* FirstVC.xib in Resources */,
			);
			runOnlyForDeploymentPostprocessing = 0;
		};
/* End PBXResourcesBuildPhase section */

/* Begin PBXSourcesBuildPhase section */
		DB88F76927E33BB0009291E0 /* Sources */ = {
			isa = PBXSourcesBuildPhase;
			buildActionMask = 2147483647;
			files = (
				DB88F79927E3643A009291E0 /* Task.swift in Sources */,
				DB88F79727E35A01009291E0 /* TaskPriority.swift in Sources */,
				DB88F77127E33BB0009291E0 /* AppDelegate.swift in Sources */,
				DB88F78E27E346CA009291E0 /* FirstVC.swift in Sources */,
				DB88F78A27E3462B009291E0 /* MainTVC.swift in Sources */,
				DB88F79527E359D8009291E0 /* SubTask.swift in Sources */,
				DB88F79227E350A9009291E0 /* PriorityVC.swift in Sources */,
				DB88F78627E33D1A009291E0 /* MainVC.swift in Sources */,
			);
			runOnlyForDeploymentPostprocessing = 0;
		};
/* End PBXSourcesBuildPhase section */

/* Begin PBXVariantGroup section */
		DB88F77B27E33BB1009291E0 /* LaunchScreen.storyboard */ = {
			isa = PBXVariantGroup;
			children = (
				DB88F77C27E33BB1009291E0 /* Base */,
			);
			name = LaunchScreen.storyboard;
			sourceTree = "<group>";
		};
/* End PBXVariantGroup section */

/* Begin XCBuildConfiguration section */
		DB88F77F27E33BB1009291E0 /* Debug */ = {
			isa = XCBuildConfiguration;
			buildSettings = {
				ALWAYS_SEARCH_USER_PATHS = NO;
				CLANG_ANALYZER_NONNULL = YES;
				CLANG_ANALYZER_NUMBER_OBJECT_CONVERSION = YES_AGGRESSIVE;
				CLANG_CXX_LANGUAGE_STANDARD = "gnu++17";
				CLANG_CXX_LIBRARY = "libc++";
				CLANG_ENABLE_MODULES = YES;
				CLANG_ENABLE_OBJC_ARC = YES;
				CLANG_ENABLE_OBJC_WEAK = YES;
				CLANG_WARN_BLOCK_CAPTURE_AUTORELEASING = YES;
				CLANG_WARN_BOOL_CONVERSION = YES;
				CLANG_WARN_COMMA = YES;
				CLANG_WARN_CONSTANT_CONVERSION = YES;
				CLANG_WARN_DEPRECATED_OBJC_IMPLEMENTATIONS = YES;
				CLANG_WARN_DIRECT_OBJC_ISA_USAGE = YES_ERROR;
				CLANG_WARN_DOCUMENTATION_COMMENTS = YES;
				CLANG_WARN_EMPTY_BODY = YES;
				CLANG_WARN_ENUM_CONVERSION = YES;
				CLANG_WARN_INFINITE_RECURSION = YES;
				CLANG_WARN_INT_CONVERSION = YES;
				CLANG_WARN_NON_LITERAL_NULL_CONVERSION = YES;
				CLANG_WARN_OBJC_IMPLICIT_RETAIN_SELF = YES;
				CLANG_WARN_OBJC_LITERAL_CONVERSION = YES;
				CLANG_WARN_OBJC_ROOT_CLASS = YES_ERROR;
				CLANG_WARN_QUOTED_INCLUDE_IN_FRAMEWORK_HEADER = YES;
				CLANG_WARN_RANGE_LOOP_ANALYSIS = YES;
				CLANG_WARN_STRICT_PROTOTYPES = YES;
				CLANG_WARN_SUSPICIOUS_MOVE = YES;
				CLANG_WARN_UNGUARDED_AVAILABILITY = YES_AGGRESSIVE;
				CLANG_WARN_UNREACHABLE_CODE = YES;
				CLANG_WARN__DUPLICATE_METHOD_MATCH = YES;
				COPY_PHASE_STRIP = NO;
				DEBUG_INFORMATION_FORMAT = dwarf;
				ENABLE_STRICT_OBJC_MSGSEND = YES;
				ENABLE_TESTABILITY = YES;
				GCC_C_LANGUAGE_STANDARD = gnu11;
				GCC_DYNAMIC_NO_PIC = NO;
				GCC_NO_COMMON_BLOCKS = YES;
				GCC_OPTIMIZATION_LEVEL = 0;
				GCC_PREPROCESSOR_DEFINITIONS = (
					"DEBUG=1",
					"$(inherited)",
				);
				GCC_WARN_64_TO_32_BIT_CONVERSION = YES;
				GCC_WARN_ABOUT_RETURN_TYPE = YES_ERROR;
				GCC_WARN_UNDECLARED_SELECTOR = YES;
				GCC_WARN_UNINITIALIZED_AUTOS = YES_AGGRESSIVE;
				GCC_WARN_UNUSED_FUNCTION = YES;
				GCC_WARN_UNUSED_VARIABLE = YES;
				IPHONEOS_DEPLOYMENT_TARGET = 12.0;
				MTL_ENABLE_DEBUG_INFO = INCLUDE_SOURCE;
				MTL_FAST_MATH = YES;
				ONLY_ACTIVE_ARCH = YES;
				SDKROOT = iphoneos;
				SWIFT_ACTIVE_COMPILATION_CONDITIONS = DEBUG;
				SWIFT_OPTIMIZATION_LEVEL = "-Onone";
			};
			name = Debug;
		};
		DB88F78027E33BB1009291E0 /* Release */ = {
			isa = XCBuildConfiguration;
			buildSettings = {
				ALWAYS_SEARCH_USER_PATHS = NO;
				CLANG_ANALYZER_NONNULL = YES;
				CLANG_ANALYZER_NUMBER_OBJECT_CONVERSION = YES_AGGRESSIVE;
				CLANG_CXX_LANGUAGE_STANDARD = "gnu++17";
				CLANG_CXX_LIBRARY = "libc++";
				CLANG_ENABLE_MODULES = YES;
				CLANG_ENABLE_OBJC_ARC = YES;
				CLANG_ENABLE_OBJC_WEAK = YES;
				CLANG_WARN_BLOCK_CAPTURE_AUTORELEASING = YES;
				CLANG_WARN_BOOL_CONVERSION = YES;
				CLANG_WARN_COMMA = YES;
				CLANG_WARN_CONSTANT_CONVERSION = YES;
				CLANG_WARN_DEPRECATED_OBJC_IMPLEMENTATIONS = YES;
				CLANG_WARN_DIRECT_OBJC_ISA_USAGE = YES_ERROR;
				CLANG_WARN_DOCUMENTATION_COMMENTS = YES;
				CLANG_WARN_EMPTY_BODY = YES;
				CLANG_WARN_ENUM_CONVERSION = YES;
				CLANG_WARN_INFINITE_RECURSION = YES;
				CLANG_WARN_INT_CONVERSION = YES;
				CLANG_WARN_NON_LITERAL_NULL_CONVERSION = YES;
				CLANG_WARN_OBJC_IMPLICIT_RETAIN_SELF = YES;
				CLANG_WARN_OBJC_LITERAL_CONVERSION = YES;
				CLANG_WARN_OBJC_ROOT_CLASS = YES_ERROR;
				CLANG_WARN_QUOTED_INCLUDE_IN_FRAMEWORK_HEADER = YES;
				CLANG_WARN_RANGE_LOOP_ANALYSIS = YES;
				CLANG_WARN_STRICT_PROTOTYPES = YES;
				CLANG_WARN_SUSPICIOUS_MOVE = YES;
				CLANG_WARN_UNGUARDED_AVAILABILITY = YES_AGGRESSIVE;
				CLANG_WARN_UNREACHABLE_CODE = YES;
				CLANG_WARN__DUPLICATE_METHOD_MATCH = YES;
				COPY_PHASE_STRIP = NO;
				DEBUG_INFORMATION_FORMAT = "dwarf-with-dsym";
				ENABLE_NS_ASSERTIONS = NO;
				ENABLE_STRICT_OBJC_MSGSEND = YES;
				GCC_C_LANGUAGE_STANDARD = gnu11;
				GCC_NO_COMMON_BLOCKS = YES;
				GCC_WARN_64_TO_32_BIT_CONVERSION = YES;
				GCC_WARN_ABOUT_RETURN_TYPE = YES_ERROR;
				GCC_WARN_UNDECLARED_SELECTOR = YES;
				GCC_WARN_UNINITIALIZED_AUTOS = YES_AGGRESSIVE;
				GCC_WARN_UNUSED_FUNCTION = YES;
				GCC_WARN_UNUSED_VARIABLE = YES;
				IPHONEOS_DEPLOYMENT_TARGET = 12.0;
				MTL_ENABLE_DEBUG_INFO = NO;
				MTL_FAST_MATH = YES;
				SDKROOT = iphoneos;
				SWIFT_COMPILATION_MODE = wholemodule;
				SWIFT_OPTIMIZATION_LEVEL = "-O";
				VALIDATE_PRODUCT = YES;
			};
			name = Release;
		};
		DB88F78227E33BB1009291E0 /* Debug */ = {
			isa = XCBuildConfiguration;
			buildSettings = {
				ASSETCATALOG_COMPILER_APPICON_NAME = AppIcon;
				ASSETCATALOG_COMPILER_GLOBAL_ACCENT_COLOR_NAME = AccentColor;
				CODE_SIGN_STYLE = Automatic;
				CURRENT_PROJECT_VERSION = 1;
				GENERATE_INFOPLIST_FILE = YES;
				INFOPLIST_FILE = "My To Do List/Info.plist";
				INFOPLIST_KEY_UIApplicationSupportsIndirectInputEvents = YES;
				INFOPLIST_KEY_UILaunchStoryboardName = LaunchScreen;
				INFOPLIST_KEY_UISupportedInterfaceOrientations_iPad = "UIInterfaceOrientationPortrait UIInterfaceOrientationPortraitUpsideDown UIInterfaceOrientationLandscapeLeft UIInterfaceOrientationLandscapeRight";
				INFOPLIST_KEY_UISupportedInterfaceOrientations_iPhone = "UIInterfaceOrientationPortrait UIInterfaceOrientationLandscapeLeft UIInterfaceOrientationLandscapeRight";
				IPHONEOS_DEPLOYMENT_TARGET = 12.0;
				LD_RUNPATH_SEARCH_PATHS = (
					"$(inherited)",
					"@executable_path/Frameworks",
				);
				MARKETING_VERSION = 1.0;
				PRODUCT_BUNDLE_IDENTIFIER = "Abdulloh.My-To-Do-List";
				PRODUCT_NAME = "$(TARGET_NAME)";
				SWIFT_EMIT_LOC_STRINGS = YES;
				SWIFT_VERSION = 5.0;
				TARGETED_DEVICE_FAMILY = 1;
			};
			name = Debug;
		};
		DB88F78327E33BB1009291E0 /* Release */ = {
			isa = XCBuildConfiguration;
			buildSettings = {
				ASSETCATALOG_COMPILER_APPICON_NAME = AppIcon;
				ASSETCATALOG_COMPILER_GLOBAL_ACCENT_COLOR_NAME = AccentColor;
				CODE_SIGN_STYLE = Automatic;
				CURRENT_PROJECT_VERSION = 1;
				GENERATE_INFOPLIST_FILE = YES;
				INFOPLIST_FILE = "My To Do List/Info.plist";
				INFOPLIST_KEY_UIApplicationSupportsIndirectInputEvents = YES;
				INFOPLIST_KEY_UILaunchStoryboardName = LaunchScreen;
				INFOPLIST_KEY_UISupportedInterfaceOrientations_iPad = "UIInterfaceOrientationPortrait UIInterfaceOrientationPortraitUpsideDown UIInterfaceOrientationLandscapeLeft UIInterfaceOrientationLandscapeRight";
				INFOPLIST_KEY_UISupportedInterfaceOrientations_iPhone = "UIInterfaceOrientationPortrait UIInterfaceOrientationLandscapeLeft UIInterfaceOrientationLandscapeRight";
				IPHONEOS_DEPLOYMENT_TARGET = 12.0;
				LD_RUNPATH_SEARCH_PATHS = (
					"$(inherited)",
					"@executable_path/Frameworks",
				);
				MARKETING_VERSION = 1.0;
				PRODUCT_BUNDLE_IDENTIFIER = "Abdulloh.My-To-Do-List";
				PRODUCT_NAME = "$(TARGET_NAME)";
				SWIFT_EMIT_LOC_STRINGS = YES;
				SWIFT_VERSION = 5.0;
				TARGETED_DEVICE_FAMILY = 1;
			};
			name = Release;
		};
/* End XCBuildConfiguration section */

/* Begin XCConfigurationList section */
		DB88F76827E33BB0009291E0 /* Build configuration list for PBXProject "My To Do List" */ = {
			isa = XCConfigurationList;
			buildConfigurations = (
				DB88F77F27E33BB1009291E0 /* Debug */,
				DB88F78027E33BB1009291E0 /* Release */,
			);
			defaultConfigurationIsVisible = 0;
			defaultConfigurationName = Release;
		};
		DB88F78127E33BB1009291E0 /* Build configuration list for PBXNativeTarget "My To Do List" */ = {
			isa = XCConfigurationList;
			buildConfigurations = (
				DB88F78227E33BB1009291E0 /* Debug */,
				DB88F78327E33BB1009291E0 /* Release */,
			);
			defaultConfigurationIsVisible = 0;
			defaultConfigurationName = Release;
		};
/* End XCConfigurationList section */
	};
	rootObject = DB88F76527E33BB0009291E0 /* Project object */;
}
